
Microsoft Visual Studio Solution File, Format Version 12.00
# Visual Studio Version 16
VisualStudioVersion = 16.0.29519.87
MinimumVisualStudioVersion = 10.0.40219.1
Project("{FAE04EC0-301F-11D3-BF4B-00C04F79EFBC}") = "RoverRanger", "RoverRanger\RoverRanger.csproj", "{2E988D66-9E7B-415C-BCB6-C1CD9C6DA28F}"
EndProject
Global
	GlobalSection(SolutionConfigurationPlatforms) = preSolution
		Debug|Any CPU = Debug|Any CPU
		Release|Any CPU = Release|Any CPU
	EndGlobalSection
	GlobalSection(ProjectConfigurationPlatforms) = postSolution
		{2E988D66-9E7B-415C-BCB6-C1CD9C6DA28F}.Debug|Any CPU.ActiveCfg = Debug|Any CPU
		{2E988D66-9E7B-415C-BCB6-C1CD9C6DA28F}.Debug|Any CPU.Build.0 = Debug|Any CPU
		{2E988D66-9E7B-415C-BCB6-C1CD9C6DA28F}.Release|Any CPU.ActiveCfg = Release|Any CPU
		{2E988D66-9E7B-415C-BCB6-C1CD9C6DA28F}.Release|Any CPU.Build.0 = Release|Any CPU
	EndGlobalSection
	GlobalSection(SolutionProperties) = preSolution
		HideSolutionNode = FALSE
	EndGlobalSection
	GlobalSection(ExtensibilityGlobals) = postSolution
		SolutionGuid = {722141A3-9B57-4644-8522-832217E62BC5}
	EndGlobalSection
EndGlobal
